# THIS IS AN AUTOGENERATED FILE. DO NOT EDIT THIS FILE DIRECTLY.
# yarn lockfile v1


turbo-darwin-64@2.0.6-canary.0:
  version "2.0.6-canary.0"
  resolved "https://registry.yarnpkg.com/turbo-darwin-64/-/turbo-darwin-64-2.0.6-canary.0.tgz#4d79a33d84a6ca4b6b3b6b7dcfb8cf7b9451f7d0"
  integrity sha512-gVqfplset6aKF1cHfVrRa6YxHiTwHpGpRAt+owj9HeRLajc2MtD6TsacvKh9le/iUsIhY69n1fXLujImklAFtQ==

turbo-darwin-arm64@2.0.6-canary.0:
  version "2.0.6-canary.0"
  resolved "https://registry.yarnpkg.com/turbo-darwin-arm64/-/turbo-darwin-arm64-2.0.6-canary.0.tgz#139af3ed15c19ae048aab8c888efb1d7a1f2030a"
  integrity sha512-rLQMQFBH2rbmCqTWL+hB7WljcTrBLIJi9dRRCHA4FnI/yFn+6IV8c4czXFHMs2x3O3qawiP7zLdlAv5A1CRCYQ==

turbo-linux-64@2.0.6-canary.0:
  version "2.0.6-canary.0"
  resolved "https://registry.yarnpkg.com/turbo-linux-64/-/turbo-linux-64-2.0.6-canary.0.tgz#28a2248c9db876f032209348e6f06a8f2bf446ff"
  integrity sha512-qlQEijj3uAFXxdbmaDFFF+D23OkelgAH4j44ExEAnbyEPk9bizLFEgkDjTWA5VNnrc6S0L/7kYuISsMDFhM39A==

turbo-linux-arm64@2.0.6-canary.0:
  version "2.0.6-canary.0"
  resolved "https://registry.yarnpkg.com/turbo-linux-arm64/-/turbo-linux-arm64-2.0.6-canary.0.tgz#394d7c1d55bbc540b7ed86a4b683ec98d64bebbf"
  integrity sha512-xljo2IsbBojLlQPPXrIXBsXX4U3nuvrDmE7CkIZcmwxUfcKvcumnSmt7ywhYCw31VwsHax1+dY6U2SeYcytfTQ==

turbo-windows-64@2.0.6-canary.0:
  version "2.0.6-canary.0"
  resolved "https://registry.yarnpkg.com/turbo-windows-64/-/turbo-windows-64-2.0.6-canary.0.tgz#d96d8da3d74ab60fec81593bc0a76947d69993c5"
  integrity sha512-hF7RFAy3CQfFW0aYFPfY/5X5cCeT4znfdgkDrHbyjUHFlKB48WHyLIqmZSQTMKbCflLle6Us+wkQUzAmxDomuA==

turbo-windows-arm64@2.0.6-canary.0:
  version "2.0.6-canary.0"
  resolved "https://registry.yarnpkg.com/turbo-windows-arm64/-/turbo-windows-arm64-2.0.6-canary.0.tgz#2e0e389eb5b8e05ac1953e28af6bebd9fc95531a"
  integrity sha512-u4lFLneOck9VFYquewspI/RHsGYoZB2UtEm7VhtyBmxSZHIBQlX9e9bX0bpztVD2l9XuAoTdFxATt221hVNX+w==

turbo@^2.0.6-canary.0:
  version "2.0.6-canary.0"
  resolved "https://registry.yarnpkg.com/turbo/-/turbo-2.0.6-canary.0.tgz#c08d5911347a868637c7f55799e7893ada0b1620"
  integrity sha512-35bevmsAkogFCfzil46dsM9vk1QVhMC63vqcXSSgzkQerDVYjrdfl/eMrMoqxzJI8ZHZYIBHAsiHMK7TteOCGw==
  optionalDependencies:
    turbo-darwin-64 "2.0.6-canary.0"
    turbo-darwin-arm64 "2.0.6-canary.0"
    turbo-linux-64 "2.0.6-canary.0"
    turbo-linux-arm64 "2.0.6-canary.0"
    turbo-windows-64 "2.0.6-canary.0"
    turbo-windows-arm64 "2.0.6-canary.0"
